
Microsoft Visual Studio Solution File, Format Version 12.00
# Visual Studio Version 17
VisualStudioVersion = 17.4.33213.308
MinimumVisualStudioVersion = 10.0.40219.1
Project("{FAE04EC0-301F-11D3-BF4B-00C04F79EFBC}") = "RSGymPT_Client", "RSGymPT_Client\RSGymPT_Client.csproj", "{ED25148E-DE3F-4682-9F68-3F45D4A68433}"
EndProject
Project("{FAE04EC0-301F-11D3-BF4B-00C04F79EFBC}") = "RSGymPT_DAL", "RSGymPT_DAL\RSGymPT_DAL.csproj", "{F97F9FC1-0923-4113-9DCF-E2E1C42DFC59}"
EndProject
Project("{FAE04EC0-301F-11D3-BF4B-00C04F79EFBC}") = "D00_Utility", "D00_Utility\D00_Utility.csproj", "{682B30CD-5707-41C6-9D62-07DC8FF2B71B}"
EndProject
Global
	GlobalSection(SolutionConfigurationPlatforms) = preSolution
		Debug|Any CPU = Debug|Any CPU
		Release|Any CPU = Release|Any CPU
	EndGlobalSection
	GlobalSection(ProjectConfigurationPlatforms) = postSolution
		{ED25148E-DE3F-4682-9F68-3F45D4A68433}.Debug|Any CPU.ActiveCfg = Debug|Any CPU
		{ED25148E-DE3F-4682-9F68-3F45D4A68433}.Debug|Any CPU.Build.0 = Debug|Any CPU
		{ED25148E-DE3F-4682-9F68-3F45D4A68433}.Release|Any CPU.ActiveCfg = Release|Any CPU
		{ED25148E-DE3F-4682-9F68-3F45D4A68433}.Release|Any CPU.Build.0 = Release|Any CPU
		{F97F9FC1-0923-4113-9DCF-E2E1C42DFC59}.Debug|Any CPU.ActiveCfg = Debug|Any CPU
		{F97F9FC1-0923-4113-9DCF-E2E1C42DFC59}.Debug|Any CPU.Build.0 = Debug|Any CPU
		{F97F9FC1-0923-4113-9DCF-E2E1C42DFC59}.Release|Any CPU.ActiveCfg = Release|Any CPU
		{F97F9FC1-0923-4113-9DCF-E2E1C42DFC59}.Release|Any CPU.Build.0 = Release|Any CPU
		{682B30CD-5707-41C6-9D62-07DC8FF2B71B}.Debug|Any CPU.ActiveCfg = Debug|Any CPU
		{682B30CD-5707-41C6-9D62-07DC8FF2B71B}.Debug|Any CPU.Build.0 = Debug|Any CPU
		{682B30CD-5707-41C6-9D62-07DC8FF2B71B}.Release|Any CPU.ActiveCfg = Release|Any CPU
		{682B30CD-5707-41C6-9D62-07DC8FF2B71B}.Release|Any CPU.Build.0 = Release|Any CPU
	EndGlobalSection
	GlobalSection(SolutionProperties) = preSolution
		HideSolutionNode = FALSE
	EndGlobalSection
	GlobalSection(ExtensibilityGlobals) = postSolution
		SolutionGuid = {99EB4E6A-B115-46A2-AF7B-15E6F16D177E}
	EndGlobalSection
EndGlobal
